<?xml version="1.0" encoding="utf-8"?>
<Project ToolsVersion="4.0" xmlns="http://schemas.microsoft.com/developer/msbuild/2003">
  <ItemGroup>
    <ClCompile Include="Main.cpp" />
    <ClCompile Include="Application.cpp">
      <Filter>BaseEngine</Filter>
    </ClCompile>
    <ClCompile Include="ResourceContent.cpp">
      <Filter>BaseEngine</Filter>
    </ClCompile>
    <ClCompile Include="SceneBase.cpp">
      <Filter>BaseEngine</Filter>
    </ClCompile>
    <ClCompile Include="Spirit.cpp">
      <Filter>BaseEngine</Filter>
    </ClCompile>
    <ClCompile Include="SpiritComponent.cpp">
      <Filter>BaseEngine</Filter>
    </ClCompile>
    <ClCompile Include="Texture.cpp">
      <Filter>BaseEngine</Filter>
    </ClCompile>
    <ClCompile Include="TileMap.cpp">
      <Filter>BaseEngine</Filter>
    </ClCompile>
    <ClCompile Include="ControllerBase.cpp">
      <Filter>BaseEngine</Filter>
    </ClCompile>
    <ClCompile Include="ThirdPersonController.cpp">
      <Filter>BaseEngine</Filter>
    </ClCompile>
  </ItemGroup>
  <ItemGroup>
    <Filter Include="BaseEngine">
      <UniqueIdentifier>{bdbf5fbe-d975-4ec8-8122-695ce56adfb9}</UniqueIdentifier>
    </Filter>
    <Filter Include="Resources">
      <UniqueIdentifier>{7bdaff7c-ad3c-4ec6-96b1-41a57a3d460d}</UniqueIdentifier>
    </Filter>
    <Filter Include="BaseEngine\Action">
      <UniqueIdentifier>{8c819674-2e32-4dc5-8767-9fd2075d69a5}</UniqueIdentifier>
    </Filter>
  </ItemGroup>
  <ItemGroup>
    <ClInclude Include="Application.h">
      <Filter>BaseEngine</Filter>
    </ClInclude>
    <ClInclude Include="Event.h">
      <Filter>BaseEngine</Filter>
    </ClInclude>
    <ClInclude Include="SceneBase.h">
      <Filter>BaseEngine</Filter>
    </ClInclude>
    <ClInclude Include="resource.h">
      <Filter>Resources</Filter>
    </ClInclude>
    <ClInclude Include="ResourceContent.h">
      <Filter>BaseEngine</Filter>
    </ClInclude>
    <ClInclude Include="Spirit.h">
      <Filter>BaseEngine</Filter>
    </ClInclude>
    <ClInclude Include="SpiritComponent.h">
      <Filter>BaseEngine</Filter>
    </ClInclude>
    <ClInclude Include="ActionBase.h">
      <Filter>BaseEngine</Filter>
    </ClInclude>
    <ClInclude Include="RenderableObject.h">
      <Filter>BaseEngine</Filter>
    </ClInclude>
    <ClInclude Include="Move.h">
      <Filter>BaseEngine\Action</Filter>
    </ClInclude>
    <ClInclude Include="BaseEngine.h">
      <Filter>BaseEngine</Filter>
    </ClInclude>
    <ClInclude Include="Texture.h">
      <Filter>BaseEngine</Filter>
    </ClInclude>
    <ClInclude Include="TileMap.h">
      <Filter>BaseEngine</Filter>
    </ClInclude>
    <ClInclude Include="ControllerBase.h">
      <Filter>BaseEngine</Filter>
    </ClInclude>
    <ClInclude Include="ThirdPersionController.h">
      <Filter>BaseEngine</Filter>
    </ClInclude>
    <ClInclude Include="GameModeBase.h">
      <Filter>BaseEngine</Filter>
    </ClInclude>
  </ItemGroup>
  <ItemGroup>
    <Image Include="Resources\ICON.ico">
      <Filter>Resources</Filter>
    </Image>
  </ItemGroup>
  <ItemGroup>
    <ResourceCompile Include="Pokemon.rc">
      <Filter>Resources</Filter>
    </ResourceCompile>
  </ItemGroup>
</Project>